
Microsoft Visual Studio Solution File, Format Version 12.00
# Visual Studio 15
VisualStudioVersion = 15.0.27130.2027
MinimumVisualStudioVersion = 10.0.40219.1
Project("{FAE04EC0-301F-11D3-BF4B-00C04F79EFBC}") = "Chat_Aplikacioni", "Chat_Aplikacioni\Chat_Aplikacioni.csproj", "{AA8E04D0-F9F8-4BC7-B05F-D773CD905A46}"
EndProject
Global
	GlobalSection(SolutionConfigurationPlatforms) = preSolution
		Debug|Any CPU = Debug|Any CPU
		Release|Any CPU = Release|Any CPU
	EndGlobalSection
	GlobalSection(ProjectConfigurationPlatforms) = postSolution
		{AA8E04D0-F9F8-4BC7-B05F-D773CD905A46}.Debug|Any CPU.ActiveCfg = Debug|Any CPU
		{AA8E04D0-F9F8-4BC7-B05F-D773CD905A46}.Debug|Any CPU.Build.0 = Debug|Any CPU
		{AA8E04D0-F9F8-4BC7-B05F-D773CD905A46}.Release|Any CPU.ActiveCfg = Release|Any CPU
		{AA8E04D0-F9F8-4BC7-B05F-D773CD905A46}.Release|Any CPU.Build.0 = Release|Any CPU
	EndGlobalSection
	GlobalSection(SolutionProperties) = preSolution
		HideSolutionNode = FALSE
	EndGlobalSection
	GlobalSection(ExtensibilityGlobals) = postSolution
		SolutionGuid = {0242B74F-5C34-44E1-8BB0-4826FCDBA777}
	EndGlobalSection
EndGlobal
